# THIS IS AN AUTOGENERATED FILE. DO NOT EDIT THIS FILE DIRECTLY.
# yarn lockfile v1


"@bundled-es-modules/pdfjs-dist@2.1.266-rc":
  version "2.1.266-rc"
  resolved "https://registry.yarnpkg.com/@bundled-es-modules/pdfjs-dist/-/pdfjs-dist-2.1.266-rc.tgz#d77562dcec57b94f9533e1a774b30a3880fd583b"
  integrity sha512-idli/i9GA7hUW8uRIs2Y48m5QHKRv3PaVxlM1VEoOuzWoF2qLdtOepOpIy3BTblakDNt2f/gINPN7X/v9DBKoQ==

"@n8tb1t/use-scroll-position@^2.0.3":
  version "2.0.3"
  resolved "https://registry.yarnpkg.com/@n8tb1t/use-scroll-position/-/use-scroll-position-2.0.3.tgz#207c54d584285cac0954d556964f83cf5774940b"
  integrity sha512-6GO4FHVJTMI4jbRHborzemuL6B319qh2cVLOLj8DApJhjyT71eLgANbQ4bNKSZ51zBm3uJ3WmqnyNF17eSsDyw==

ajv-keywords@^3.1.0:
  version "3.5.2"
  resolved "https://registry.yarnpkg.com/ajv-keywords/-/ajv-keywords-3.5.2.tgz#31f29da5ab6e00d1c2d329acf7b5929614d5014d"
  integrity sha512-5p6WTN0DdTGVQk6VjcEju19IgaHudalcfabD7yhDGeA6bcQnmL+CpveLJq/3hvfwd1aof6L386Ougkx6RfyMIQ==

ajv@^6.1.0:
  version "6.12.6"
  resolved "https://registry.yarnpkg.com/ajv/-/ajv-6.12.6.tgz#baf5a62e802b07d977034586f8c3baf5adf26df4"
  integrity sha512-j3fVLgvTo527anyYyJOGTYJbG+vnnQYvE0m5mmkc1TK+nxAppkCLMIL0aZ4dblVCNoGShhm+kzE4ZUykBoMg4g==
  dependencies:
    fast-deep-equal "^3.1.1"
    fast-json-stable-stringify "^2.0.0"
    json-schema-traverse "^0.4.1"
    uri-js "^4.2.2"

asap@~2.0.3:
  version "2.0.6"
  resolved "https://registry.yarnpkg.com/asap/-/asap-2.0.6.tgz#e50347611d7e690943208bbdafebcbc2fb866d46"
  integrity sha1-5QNHYR1+aQlDIIu9r+vLwvuGbUY=

babel-runtime@^6.26.0:
  version "6.26.0"
  resolved "https://registry.yarnpkg.com/babel-runtime/-/babel-runtime-6.26.0.tgz#965c7058668e82b55d7bfe04ff2337bc8b5647fe"
  integrity sha1-llxwWGaOgrVde/4E/yM3vItWR/4=
  dependencies:
    core-js "^2.4.0"
    regenerator-runtime "^0.11.0"

batch-processor@1.0.0:
  version "1.0.0"
  resolved "https://registry.yarnpkg.com/batch-processor/-/batch-processor-1.0.0.tgz#75c95c32b748e0850d10c2b168f6bdbe9891ace8"
  integrity sha1-dclcMrdI4IUNEMKxaPa9vpiRrOg=

big.js@^5.2.2:
  version "5.2.2"
  resolved "https://registry.yarnpkg.com/big.js/-/big.js-5.2.2.tgz#65f0af382f578bcdc742bd9c281e9cb2d7768328"
  integrity sha512-vyL2OymJxmarO8gxMr0mhChsO9QGwhynfuu4+MHTAW6czfq9humCB7rKpUjDd9YUiDPU4mzpyupFSvOClAwbmQ==

classnames@^2.2.5:
  version "2.3.1"
  resolved "https://registry.yarnpkg.com/classnames/-/classnames-2.3.1.tgz#dfcfa3891e306ec1dad105d0e88f4417b8535e8e"
  integrity sha512-OlQdbZ7gLfGarSqxesMesDa5uz7KFbID8Kpq/SxIoNGDqY8lSYs0D+hhtBXhcdB3rcbXArFr7vlHheLk1voeNA==

clsx@^1.0.4:
  version "1.1.1"
  resolved "https://registry.yarnpkg.com/clsx/-/clsx-1.1.1.tgz#98b3134f9abbdf23b2663491ace13c5c03a73188"
  integrity sha512-6/bPho624p3S2pMyvP5kKBPXnI3ufHLObBFCfgx+LkeR5lg2XYy2hqZqUf45ypD8COn2bhgGJSUE+l5dhNBieA==

core-js@^1.0.0:
  version "1.2.7"
  resolved "https://registry.yarnpkg.com/core-js/-/core-js-1.2.7.tgz#652294c14651db28fa93bd2d5ff2983a4f08c636"
  integrity sha1-ZSKUwUZR2yj6k70tX/KYOk8IxjY=

core-js@^2.4.0:
  version "2.6.12"
  resolved "https://registry.yarnpkg.com/core-js/-/core-js-2.6.12.tgz#d9333dfa7b065e347cc5682219d6f690859cc2ec"
  integrity sha512-Kb2wC0fvsWfQrgk8HU5lW6U/Lcs8+9aaYcy4ZFc6DDlo4nZ7n70dEgE5rtR0oG6ufKDUnrwfWL1mXR5ljDatrQ==

decorate-component-with-props@^1.0.2:
  version "1.1.0"
  resolved "https://registry.yarnpkg.com/decorate-component-with-props/-/decorate-component-with-props-1.1.0.tgz#b496c814c6a2aba0cf2ad26e44cbedb8ead42f15"
  integrity sha512-tTYQojixN64yK3/WBODMfvss/zbmyUx9HQXhzSxZiSiofeekVeRyyuToy9BCiTMrVEIKWxTcla2t3y5qdaUF7Q==

dompurify@^2.0.12:
  version "2.2.8"
  resolved "https://registry.yarnpkg.com/dompurify/-/dompurify-2.2.8.tgz#ce88e395f6d00b6dc53f80d6b2a6fdf5446873c6"
  integrity sha512-9H0UL59EkDLgY3dUFjLV6IEUaHm5qp3mxSqWw7Yyx4Zhk2Jn2cmLe+CNPP3xy13zl8Bqg+0NehQzkdMoVhGRww==

draft-js-alignment-plugin@^2.0.6:
  version "2.0.6"
  resolved "https://registry.yarnpkg.com/draft-js-alignment-plugin/-/draft-js-alignment-plugin-2.0.6.tgz#92c53e3bf4d714d9c6add347f29d7212d262e4e3"
  integrity sha512-sHHrQFrqBa2l17UBMOlshGXdMuQhCne3vmLjGhRfcIGxNZNtaR15BTBd63k5V4s09RSSRR/AL3ldJK8t1cKqjA==
  dependencies:
    draft-js-buttons "^2.0.1"

draft-js-buttons@^2.0.1:
  version "2.0.2"
  resolved "https://registry.yarnpkg.com/draft-js-buttons/-/draft-js-buttons-2.0.2.tgz#d96d0dcec9e224a9d62f2543a50f5f1cbef84000"
  integrity sha512-qC3vkZ4ZvKe86Uskf5CsZxgo4Rt6ITAE51sbiI5YCMasanXdMVRwbF4fQonMyahds1tgj9EeBNePOBnlKTz9gQ==
  dependencies:
    clsx "^1.0.4"

draft-js-focus-plugin@^3.0.1:
  version "3.0.1"
  resolved "https://registry.yarnpkg.com/draft-js-focus-plugin/-/draft-js-focus-plugin-3.0.1.tgz#235a2b80362ba65b6132f540ca1b2932a3eb19e9"
  integrity sha512-FuU7dpJ6a6FD0DJTuX31fai2nQcr+itGlCGzS1HXMsBw2pD4+V1QC1RdVCSUKhfuvm1UI/jHN5jILYWsnb3fMQ==
  dependencies:
    clsx "^1.0.4"
    immutable "~3.7.4"

draft-js-import-element@^1.4.0:
  version "1.4.0"
  resolved "https://registry.yarnpkg.com/draft-js-import-element/-/draft-js-import-element-1.4.0.tgz#8760acbfeb60ed824a1c8319ec049f702681df66"
  integrity sha512-WmYT5PrCm47lGL5FkH6sRO3TTAcn7qNHsD3igiPqLG/RXrqyKrqN4+wBgbcT2lhna/yfWTRtgzAbQsSJoS1Meg==
  dependencies:
    draft-js-utils "^1.4.0"
    synthetic-dom "^1.4.0"

draft-js-import-html@^1.4.1:
  version "1.4.1"
  resolved "https://registry.yarnpkg.com/draft-js-import-html/-/draft-js-import-html-1.4.1.tgz#c222a3a40ab27dee5874fcf78526b64734fe6ea4"
  integrity sha512-KOZmtgxZriCDgg5Smr3Y09TjubvXe7rHPy/2fuLSsL+aSzwUDwH/aHDA/k47U+WfpmL4qgyg4oZhqx9TYJV0tg==
  dependencies:
    draft-js-import-element "^1.4.0"

draft-js-inline-toolbar-plugin@^2.0.3:
  version "2.0.3"
  resolved "https://registry.yarnpkg.com/draft-js-inline-toolbar-plugin/-/draft-js-inline-toolbar-plugin-2.0.3.tgz#f07e6b3a27ec39044896c65c7c13f3e068488fcc"
  integrity sha512-7OD7iaImu/NwBdJmv0/nmP4H4oUhjO10iFcUmDPJlmdc43icoNHABTk4/oUpn7xrunrj2GHxFexsgSEfpOTFlQ==
  dependencies:
    decorate-component-with-props "^1.0.2"
    draft-js-buttons "^2.0.1"
    find-with-regex "^1.1.2"
    immutable "~3.7.4"
    prop-types "^15.5.8"
    union-class-names "^1.0.0"

draft-js-modifiers@^0.2.2:
  version "0.2.2"
  resolved "https://registry.yarnpkg.com/draft-js-modifiers/-/draft-js-modifiers-0.2.2.tgz#ff715450a04aea86b84993b0e51eea7c25a2591d"
  integrity sha512-64zeY74S4um+NO5HI66scZAX6fufdpZlr6htI3ttvNkTw5Jx/3r7+ETKJ/PTnGWtzUTC7TVkeF6mP7oqtUBUQw==
  dependencies:
    draft-js "~0.10.5"
    immutable "~3.7.4"

draft-js-plugins-editor@^3.0.0:
  version "3.0.0"
  resolved "https://registry.yarnpkg.com/draft-js-plugins-editor/-/draft-js-plugins-editor-3.0.0.tgz#196d1e065e2c29faebaab4ec081b734fdef294a2"
  integrity sha512-bFEL0FUIPg9VK3KSeBZ3D+uMqQEVe4Cv7++LWCMASRH02jy6x2f87NRxSZLzTQES5+oL6Qg+OEUlaTn409145A==
  dependencies:
    immutable "~3.7.4"
    prop-types "^15.5.8"

draft-js-resizeable-plugin@^2.0.9:
  version "2.0.9"
  resolved "https://registry.yarnpkg.com/draft-js-resizeable-plugin/-/draft-js-resizeable-plugin-2.0.9.tgz#fd78f4b8f4729dd585fe032ee066edbc526599f8"
  integrity sha512-hInVpzSt7VK0M+j81BAfEk1S1fGo2sse+KZT8nXu7zTebdUGhJWwBjIMztYuY/NQSq+h+5MqKY40aZ6DkZ1R9w==

draft-js-utils@^1.4.0:
  version "1.4.0"
  resolved "https://registry.yarnpkg.com/draft-js-utils/-/draft-js-utils-1.4.0.tgz#c60af198108f69b0f1df3572555b23836819d1cf"
  integrity sha512-8s9FFuKC+lOWGwJ0b3om2PF+uXrqQPaEQlPJI7UxdzxTYGMeKouMPA9+YlPn52zcAVElIZtd2tXj6eQmvlKelw==

draft-js-video-plugin@^2.0.2:
  version "2.0.2"
  resolved "https://registry.yarnpkg.com/draft-js-video-plugin/-/draft-js-video-plugin-2.0.2.tgz#59cd581d4df5edc62e83e7195c2d37a0f31df2b9"
  integrity sha512-mp6OCyVahsRNTjz5saZvDEqJIycyYk+6uRYq7Dv2aAzAYjY8rOVBv8x7DBEFUefWe9Lh0PgGg7tVgchD2ZbT3Q==
  dependencies:
    prop-types "^15.5.8"

draft-js@~0.10.5:
  version "0.10.5"
  resolved "https://registry.yarnpkg.com/draft-js/-/draft-js-0.10.5.tgz#bfa9beb018fe0533dbb08d6675c371a6b08fa742"
  integrity sha512-LE6jSCV9nkPhfVX2ggcRLA4FKs6zWq9ceuO/88BpXdNCS7mjRTgs0NsV6piUCJX9YxMsB9An33wnkMmU2sD2Zg==
  dependencies:
    fbjs "^0.8.15"
    immutable "~3.7.4"
    object-assign "^4.1.0"

element-resize-detector@^1.2.2:
  version "1.2.2"
  resolved "https://registry.yarnpkg.com/element-resize-detector/-/element-resize-detector-1.2.2.tgz#bf7c3ff915957e4e62e86241ed2f9c86b078892b"
  integrity sha512-+LOXRkCJc4I5WhEJxIDjhmE3raF8jtOMBDqSCgZTMz2TX3oXAX5pE2+MDeopJlGdXzP7KzPbBJaUGfNaP9HG4A==
  dependencies:
    batch-processor "1.0.0"

emojis-list@^3.0.0:
  version "3.0.0"
  resolved "https://registry.yarnpkg.com/emojis-list/-/emojis-list-3.0.0.tgz#5570662046ad29e2e916e71aae260abdff4f6a78"
  integrity sha512-/kyM18EfinwXZbno9FyUGeFh87KC8HRQBQGildHZbEuRyWFOmv1U10o9BBp8XVZDVNNuQKyIGIu5ZYAAXJ0V2Q==

encoding@^0.1.11:
  version "0.1.13"
  resolved "https://registry.yarnpkg.com/encoding/-/encoding-0.1.13.tgz#56574afdd791f54a8e9b2785c0582a2d26210fa9"
  integrity sha512-ETBauow1T35Y/WZMkio9jiM0Z5xjHHmJ4XmjZOq1l/dXz3lr2sRn87nJy20RupqSh1F2m3HHPSp8ShIPQJrJ3A==
  dependencies:
    iconv-lite "^0.6.2"

esri-loader@^2.14.0:
  version "2.16.0"
  resolved "https://registry.yarnpkg.com/esri-loader/-/esri-loader-2.16.0.tgz#995c83f2ae93bdae0e64b36bb821d29dc56c039d"
  integrity sha512-0lneVO6aizdRFt1mbrOsRgbF/F1v4LBUwKg+kfiBmoGJPf2ATFI/OimBlfeDI6J1rEQiWHi1PsALFCF4yRf2mw==

fast-deep-equal@^3.1.1:
  version "3.1.3"
  resolved "https://registry.yarnpkg.com/fast-deep-equal/-/fast-deep-equal-3.1.3.tgz#3a7d56b559d6cbc3eb512325244e619a65c6c525"
  integrity sha512-f3qQ9oQy9j2AhBe/H9VC91wLmKBCCU/gDOnKNAYG5hswO7BLKj09Hc5HYNz9cGI++xlpDCIgDaitVs03ATR84Q==

fast-json-stable-stringify@^2.0.0:
  version "2.1.0"
  resolved "https://registry.yarnpkg.com/fast-json-stable-stringify/-/fast-json-stable-stringify-2.1.0.tgz#874bf69c6f404c2b5d99c481341399fd55892633"
  integrity sha512-lhd/wF+Lk98HZoTCtlVraHtfh5XYijIjalXck7saUtuanSDyLMxnHhSXEDJqHxD7msR8D0uCmqlkwjCV8xvwHw==

fbjs@^0.8.15:
  version "0.8.17"
  resolved "https://registry.yarnpkg.com/fbjs/-/fbjs-0.8.17.tgz#c4d598ead6949112653d6588b01a5cdcd9f90fdd"
  integrity sha1-xNWY6taUkRJlPWWIsBpc3Nn5D90=
  dependencies:
    core-js "^1.0.0"
    isomorphic-fetch "^2.1.1"
    loose-envify "^1.0.0"
    object-assign "^4.1.0"
    promise "^7.1.1"
    setimmediate "^1.0.5"
    ua-parser-js "^0.7.18"

find-with-regex@^1.1.2:
  version "1.1.3"
  resolved "https://registry.yarnpkg.com/find-with-regex/-/find-with-regex-1.1.3.tgz#d6c6f2debee898d36b6a77e05709b13dd5dc8a26"
  integrity sha512-zkEVQ1H3PIQL/19ADKt1lCQU4QGM3OneiderUcFgn5EgTm/TnoUh7HxPAwP8w/vXxWSLC6KtpbDQpypJ5+majw==

highlight-words-core@^1.2.0:
  version "1.2.2"
  resolved "https://registry.yarnpkg.com/highlight-words-core/-/highlight-words-core-1.2.2.tgz#1eff6d7d9f0a22f155042a00791237791b1eeaaa"
  integrity sha512-BXUKIkUuh6cmmxzi5OIbUJxrG8OAk2MqoL1DtO3Wo9D2faJg2ph5ntyuQeLqaHJmzER6H5tllCDA9ZnNe9BVGg==

iconv-lite@^0.6.2:
  version "0.6.2"
  resolved "https://registry.yarnpkg.com/iconv-lite/-/iconv-lite-0.6.2.tgz#ce13d1875b0c3a674bd6a04b7f76b01b1b6ded01"
  integrity sha512-2y91h5OpQlolefMPmUlivelittSWy0rP+oYVpn6A7GwVHNE8AWzoYOBNmlwks3LobaJxgHCYZAnyNo2GgpNRNQ==
  dependencies:
    safer-buffer ">= 2.1.2 < 3.0.0"

immutable@~3.7.4:
  version "3.7.6"
  resolved "https://registry.yarnpkg.com/immutable/-/immutable-3.7.6.tgz#13b4d3cb12befa15482a26fe1b2ebae640071e4b"
  integrity sha1-E7TTyxK++hVIKib+Gy665kAHHks=

invariant@^2.2.2, invariant@^2.2.4:
  version "2.2.4"
  resolved "https://registry.yarnpkg.com/invariant/-/invariant-2.2.4.tgz#610f3c92c9359ce1db616e538008d23ff35158e6"
  integrity sha512-phJfQVBuaJM5raOpJjSfkiD6BpbCE4Ns//LaXl6wGYtUBY83nWS6Rf9tXm2e8VaK60JEjYldbPif/A2B1C2gNA==
  dependencies:
    loose-envify "^1.0.0"

is-stream@^1.0.1:
  version "1.1.0"
  resolved "https://registry.yarnpkg.com/is-stream/-/is-stream-1.1.0.tgz#12d4a3dd4e68e0b79ceb8dbc84173ae80d91ca44"
  integrity sha1-EtSj3U5o4Lec6428hBc66A2RykQ=

isomorphic-fetch@^2.1.1:
  version "2.2.1"
  resolved "https://registry.yarnpkg.com/isomorphic-fetch/-/isomorphic-fetch-2.2.1.tgz#611ae1acf14f5e81f729507472819fe9733558a9"
  integrity sha1-YRrhrPFPXoH3KVB0coGf6XM1WKk=
  dependencies:
    node-fetch "^1.0.1"
    whatwg-fetch ">=0.10.0"

"js-tokens@^3.0.0 || ^4.0.0":
  version "4.0.0"
  resolved "https://registry.yarnpkg.com/js-tokens/-/js-tokens-4.0.0.tgz#19203fb59991df98e3a287050d4647cdeaf32499"
  integrity sha512-RdJUflcE3cUzKiMqQgsCu06FPu9UdIJO0beYbPhHN4k6apgJtifcoCtT9bcxOpYBtpD2kCM6Sbzg4CausW/PKQ==

json-schema-traverse@^0.4.1:
  version "0.4.1"
  resolved "https://registry.yarnpkg.com/json-schema-traverse/-/json-schema-traverse-0.4.1.tgz#69f6a87d9513ab8bb8fe63bdb0979c448e684660"
  integrity sha512-xbbCH5dCYU5T8LcEhhuh7HJ88HXuW3qsI3Y0zOZFKfZEHcpWiHU/Jxzk629Brsab/mMiHQti9wMP+845RPe3Vg==

json5@^1.0.1:
  version "1.0.1"
  resolved "https://registry.yarnpkg.com/json5/-/json5-1.0.1.tgz#779fb0018604fa854eacbf6252180d83543e3dbe"
  integrity sha512-aKS4WQjPenRxiQsC93MNfjx+nbF4PAdYzmd/1JIj8HYzqfbu86beTuNgXDzPknWk0n0uARlyewZo4s++ES36Ow==
  dependencies:
    minimist "^1.2.0"

loader-utils@^1.0.0:
  version "1.4.0"
  resolved "https://registry.yarnpkg.com/loader-utils/-/loader-utils-1.4.0.tgz#c579b5e34cb34b1a74edc6c1fb36bfa371d5a613"
  integrity sha512-qH0WSMBtn/oHuwjy/NucEgbx5dbxxnxup9s4PVXJUDHZBQY+s0NWA9rJf53RBnQZxfch7euUui7hpoAPvALZdA==
  dependencies:
    big.js "^5.2.2"
    emojis-list "^3.0.0"
    json5 "^1.0.1"

lodash.debounce@^4.0.8:
  version "4.0.8"
  resolved "https://registry.yarnpkg.com/lodash.debounce/-/lodash.debounce-4.0.8.tgz#82d79bff30a67c4005ffd5e2515300ad9ca4d7af"
  integrity sha1-gteb/zCmfEAF/9XiUVMArZyk168=

lodash.isequal@^4.5.0:
  version "4.5.0"
  resolved "https://registry.yarnpkg.com/lodash.isequal/-/lodash.isequal-4.5.0.tgz#415c4478f2bcc30120c22ce10ed3226f7d3e18e0"
  integrity sha1-QVxEePK8wwEgwizhDtMib30+GOA=

lodash.throttle@^4.1.1:
  version "4.1.1"
  resolved "https://registry.yarnpkg.com/lodash.throttle/-/lodash.throttle-4.1.1.tgz#c23e91b710242ac70c37f1e1cda9274cc39bf2f4"
  integrity sha1-wj6RtxAkKscMN/HhzaknTMOb8vQ=

loose-envify@^1.0.0, loose-envify@^1.1.0, loose-envify@^1.4.0:
  version "1.4.0"
  resolved "https://registry.yarnpkg.com/loose-envify/-/loose-envify-1.4.0.tgz#71ee51fa7be4caec1a63839f7e682d8132d30caf"
  integrity sha512-lyuxPGr/Wfhrlem2CL/UcnUc1zcqKAImBDzukY7Y5F/yQiNdko6+fRLevlw1HgMySw7f611UIY408EtxRSoK3Q==
  dependencies:
    js-tokens "^3.0.0 || ^4.0.0"

memoize-one@^4.0.0:
  version "4.1.0"
  resolved "https://registry.yarnpkg.com/memoize-one/-/memoize-one-4.1.0.tgz#a2387c58c03fff27ca390c31b764a79addf3f906"
  integrity sha512-2GApq0yI/b22J2j9rhbrAlsHb0Qcz+7yWxeLG8h+95sl1XPUgeLimQSOdur4Vw7cUhrBHwaUZxWFZueojqNRzA==

mgr-pdf-viewer-react@^1.0.3:
  version "1.0.3"
  resolved "https://registry.yarnpkg.com/mgr-pdf-viewer-react/-/mgr-pdf-viewer-react-1.0.3.tgz#0c1e12256e49119266ef2df2172bf7c6413a3d52"
  integrity sha512-cEM4JQUbv4AneIW8Jr9V2hyZVfuyHVqLNyWzH9YHlTbnBFbfOhLfdp1fOB9QhqgQaEq/CQbErTveXk21fZ9E7Q==
  dependencies:
    prop-types "^15.6.0"
    react "^16.0.0"
    react-pdf-js "^2.0.5"

minimist@^1.2.0:
  version "1.2.5"
  resolved "https://registry.yarnpkg.com/minimist/-/minimist-1.2.5.tgz#67d66014b66a6a8aaa0c083c5fd58df4e4e97602"
  integrity sha512-FM9nNUYrRBAELZQT3xeZQ7fmMOBg6nWNmJKTcgsJeaLstP/UODVpGsr5OhXhhXg6f+qtJ8uiZ+PUxkDWcgIXLw==

node-ensure@^0.0.0:
  version "0.0.0"
  resolved "https://registry.yarnpkg.com/node-ensure/-/node-ensure-0.0.0.tgz#ecae764150de99861ec5c810fd5d096b183932a7"
  integrity sha1-7K52QVDemYYexcgQ/V0Jaxg5Mqc=

node-fetch@^1.0.1:
  version "1.7.3"
  resolved "https://registry.yarnpkg.com/node-fetch/-/node-fetch-1.7.3.tgz#980f6f72d85211a5347c6b2bc18c5b84c3eb47ef"
  integrity sha512-NhZ4CsKx7cYm2vSrBAr2PvFOe6sWDf0UYLRqA6svUYg7+/TSfVAu49jYC4BvQ4Sms9SZgdqGBgroqfDhJdTyKQ==
  dependencies:
    encoding "^0.1.11"
    is-stream "^1.0.1"

object-assign@^4.1.0, object-assign@^4.1.1:
  version "4.1.1"
  resolved "https://registry.yarnpkg.com/object-assign/-/object-assign-4.1.1.tgz#2109adc7965887cfc05cbbd442cac8bfbb360863"
  integrity sha1-IQmtx5ZYh8/AXLvUQsrIv7s2CGM=

pdfjs-dist@^1.9.575:
  version "1.10.100"
  resolved "https://registry.yarnpkg.com/pdfjs-dist/-/pdfjs-dist-1.10.100.tgz#d5a250b42482ab6e41d763a795ce7cdebe6b1894"
  integrity sha512-aCfONGqlBeazYxik3rjd7xaoCKMRYECwZSCC3EC3weqibF2V1Bp/v9WZbF7Lyy5Q6UE4NqOYu126r7U+Le4Uhg==
  dependencies:
    node-ensure "^0.0.0"
    worker-loader "^1.0.0"

promise@^7.1.1:
  version "7.3.1"
  resolved "https://registry.yarnpkg.com/promise/-/promise-7.3.1.tgz#064b72602b18f90f29192b8b1bc418ffd1ebd3bf"
  integrity sha512-nolQXZ/4L+bP/UGlkfaIujX9BKxGwmQ9OT4mOt5yvy8iK1h3wqTEJCijzGANTCCl9nWjY41juyAn2K3Q1hLLTg==
  dependencies:
    asap "~2.0.3"

prop-types@^15.5.0, prop-types@^15.5.10, prop-types@^15.5.8, prop-types@^15.6.0, prop-types@^15.6.2:
  version "15.7.2"
  resolved "https://registry.yarnpkg.com/prop-types/-/prop-types-15.7.2.tgz#52c41e75b8c87e72b9d9360e0206b99dcbffa6c5"
  integrity sha512-8QQikdH7//R2vurIJSutZ1smHYTcLpRWEOlHnzcWHmBYrOGUysKwSsrC89BCiFj3CbrfJ/nXFdJepOVrY1GCHQ==
  dependencies:
    loose-envify "^1.4.0"
    object-assign "^4.1.1"
    react-is "^16.8.1"

punycode@^2.1.0:
  version "2.1.1"
  resolved "https://registry.yarnpkg.com/punycode/-/punycode-2.1.1.tgz#b58b010ac40c22c5657616c8d2c2c02c7bf479ec"
  integrity sha512-XRsRjdf+j5ml+y/6GKHPZbrF/8p2Yga0JPtdqTIY2Xe5ohJPD9saDJJLPvp9+NSBprVvevdXZybnj2cv8OEd0A==

react-component-queries@2.3.0:
  version "2.3.0"
  resolved "https://registry.yarnpkg.com/react-component-queries/-/react-component-queries-2.3.0.tgz#e2e92c5c49e21254ad496d31a3d3edeebc927777"
  integrity sha512-u6gMrRm5BgnOBI+znLCCx7wvLSRqZeKpeVhCkZJ4/QZMv8Cb1EfP2i3htYXQkcy9S+PV4fs4FR4TQHdAKUCm0w==
  dependencies:
    invariant "^2.2.2"

react-highlight-words@^0.16.0:
  version "0.16.0"
  resolved "https://registry.yarnpkg.com/react-highlight-words/-/react-highlight-words-0.16.0.tgz#4b4b9824e3d2b98789d3e3b3aedb5e961ae1b7cf"
  integrity sha512-q34TwCSJOL+5pVDv6LUj3amaoyXdNDwd7zRqVAvceOrO9g1haWLAglK6WkGLMNUa3PFN8EgGedLg/k8Gpndxqg==
  dependencies:
    highlight-words-core "^1.2.0"
    memoize-one "^4.0.0"
    prop-types "^15.5.8"

react-image-gallery@^1.0.7:
  version "1.0.9"
  resolved "https://registry.yarnpkg.com/react-image-gallery/-/react-image-gallery-1.0.9.tgz#0bd14356913c04a7b24b0a69b06e211b33684d40"
  integrity sha512-JXTlEBv2c/N5vGl0Pfu774JFOuMRnG9TMSwIURMSBDkl70blASJYGBuHCc//8jRZTojUvpBG5A/QT9Gs3Rv4Bw==
  dependencies:
    clsx "^1.0.4"
    lodash.debounce "^4.0.8"
    lodash.isequal "^4.5.0"
    lodash.throttle "^4.1.1"
    prop-types "^15.5.8"
    react-swipeable "^5.2.0"
    resize-observer-polyfill "^1.5.0"

react-is@^16.8.1:
  version "16.13.1"
  resolved "https://registry.yarnpkg.com/react-is/-/react-is-16.13.1.tgz#789729a4dc36de2999dc156dd6c1d9c18cea56a4"
  integrity sha512-24e6ynE2H+OKt4kqsOvNd8kBpV65zoxbA4BVsEOB3ARVWQki/DHzaUoC5KuON/BiccDaCCTZBuOcfZs70kR8bQ==

react-lazy-load-image-component@^1.4.3:
  version "1.5.1"
  resolved "https://registry.yarnpkg.com/react-lazy-load-image-component/-/react-lazy-load-image-component-1.5.1.tgz#59cc92326ba5604e9c4a86805a2cf1667fafbc71"
  integrity sha512-grTEZzURLHPkq7JoipcBBQU44ijdF4fH3Cb+eSD5eSAaMsjugbXqTaVWm5ruPUNLduoNR9KKQF6bOR9h2WphEg==
  dependencies:
    lodash.debounce "^4.0.8"
    lodash.throttle "^4.1.1"

react-loadable@5.5.0:
  version "5.5.0"
  resolved "https://registry.yarnpkg.com/react-loadable/-/react-loadable-5.5.0.tgz#582251679d3da86c32aae2c8e689c59f1196d8c4"
  integrity sha512-C8Aui0ZpMd4KokxRdVAm2bQtI03k2RMRNzOB+IipV3yxFTSVICv7WoUr5L9ALB5BmKO1iHgZtWM8EvYG83otdg==
  dependencies:
    prop-types "^15.5.0"

react-pdf-js@^2.0.5:
  version "2.0.5"
  resolved "https://registry.yarnpkg.com/react-pdf-js/-/react-pdf-js-2.0.5.tgz#c255932ae79031c12847b744f118781701642f2f"
  integrity sha512-Fa1iR/cl+xxNkUAP9wlAwFxWQhp64sWNOravXPbmoyvGB/TlDT1ffITeae8aUYVY4ykebGx4/hxcHPjakupNFg==
  dependencies:
    pdfjs-dist "^1.9.575"
    prop-types "^15.5.10"

react-pdf-js@^5.1.0:
  version "5.1.0"
  resolved "https://registry.yarnpkg.com/react-pdf-js/-/react-pdf-js-5.1.0.tgz#58d6858cb31c596fb0d69e37bf7f7c4ad93170cf"
  integrity sha512-l/norbM4BocUJcD0o46b5U4XWTZI1FN1+wfhosPKGy0cJ3T7Ck7GGfr3KXsH5ljc8lyifZPMAm6Rvsbe8OzBbQ==
  dependencies:
    "@bundled-es-modules/pdfjs-dist" "2.1.266-rc"

react-scrollspy@^3.4.3:
  version "3.4.3"
  resolved "https://registry.yarnpkg.com/react-scrollspy/-/react-scrollspy-3.4.3.tgz#12bccebc7e2dfe228b873288b3f473904edb3854"
  integrity sha512-c2QZpMPWxm1HF71h1EqaxBldx2zLYO0aZ24Bcuo2mUWF79T+F6qOtr7XJCzUDm99NOwhVKQD01a7A8VC6c90CQ==
  dependencies:
    babel-runtime "^6.26.0"
    classnames "^2.2.5"
    prop-types "^15.5.10"

react-sizeme@3.0.1:
  version "3.0.1"
  resolved "https://registry.yarnpkg.com/react-sizeme/-/react-sizeme-3.0.1.tgz#4d12f4244e0e6a0fb97253e7af0314dc7c83a5a0"
  integrity sha512-9Hf1NLgSbny1bha77l9HwvwwxQUJxFUqi44Ih+y3evA+PezBpGdCGlnvye6avss2cIgs9PgdYgMnfuzJWn/RUw==
  dependencies:
    element-resize-detector "^1.2.2"
    invariant "^2.2.4"
    shallowequal "^1.1.0"
    throttle-debounce "^3.0.1"

react-swipeable@^5.2.0:
  version "5.5.1"
  resolved "https://registry.yarnpkg.com/react-swipeable/-/react-swipeable-5.5.1.tgz#48ae6182deaf62f21d4b87469b60281dbd7c4a76"
  integrity sha512-EQObuU3Qg3JdX3WxOn5reZvOSCpU4fwpUAs+NlXSN3y+qtsO2r8VGkVnOQzmByt3BSYj9EWYdUOUfi7vaMdZZw==
  dependencies:
    prop-types "^15.6.2"

react@^16.0.0:
  version "16.14.0"
  resolved "https://registry.yarnpkg.com/react/-/react-16.14.0.tgz#94d776ddd0aaa37da3eda8fc5b6b18a4c9a3114d"
  integrity sha512-0X2CImDkJGApiAlcf0ODKIneSwBPhqJawOa5wCtKbu7ZECrmS26NvtSILynQ66cgkT/RJ4LidJOc3bUESwmU8g==
  dependencies:
    loose-envify "^1.1.0"
    object-assign "^4.1.1"
    prop-types "^15.6.2"

redraft@^0.10.2:
  version "0.10.2"
  resolved "https://registry.yarnpkg.com/redraft/-/redraft-0.10.2.tgz#e8cbc477bb65cebe2231257199262cbd555db19e"
  integrity sha512-yy5EcJogY+2MlfBu6uwxQ0r5KzWra9lZRfHpG9czGoxOw8k8woHlVD1LlT1hp/n0zLNLvaIJ9EKE1NgcYgfI+A==
  dependencies:
    punycode "^2.1.0"

regenerator-runtime@^0.11.0:
  version "0.11.1"
  resolved "https://registry.yarnpkg.com/regenerator-runtime/-/regenerator-runtime-0.11.1.tgz#be05ad7f9bf7d22e056f9726cee5017fbf19e2e9"
  integrity sha512-MguG95oij0fC3QV3URf4V2SDYGJhJnJGqvIIgdECeODCT98wSWDAJ94SSuVpYQUoTcGUIL6L4yNB7j1DFFHSBg==

resize-observer-polyfill@^1.5.0:
  version "1.5.1"
  resolved "https://registry.yarnpkg.com/resize-observer-polyfill/-/resize-observer-polyfill-1.5.1.tgz#0e9020dd3d21024458d4ebd27e23e40269810464"
  integrity sha512-LwZrotdHOo12nQuZlHEmtuXdqGoOD0OhaxopaNFxWzInpEgaLWoVuAMbTzixuosCx2nEG58ngzW3vxdWoxIgdg==

"safer-buffer@>= 2.1.2 < 3.0.0":
  version "2.1.2"
  resolved "https://registry.yarnpkg.com/safer-buffer/-/safer-buffer-2.1.2.tgz#44fa161b0187b9549dd84bb91802f9bd8385cd6a"
  integrity sha512-YZo3K82SD7Riyi0E1EQPojLz7kpepnSQI9IyPbHHg1XXXevb5dJI7tpyN2ADxGcQbHG7vcyRHk0cbwqcQriUtg==

schema-utils@^0.4.0:
  version "0.4.7"
  resolved "https://registry.yarnpkg.com/schema-utils/-/schema-utils-0.4.7.tgz#ba74f597d2be2ea880131746ee17d0a093c68187"
  integrity sha512-v/iwU6wvwGK8HbU9yi3/nhGzP0yGSuhQMzL6ySiec1FSrZZDkhm4noOSWzrNFo/jEc+SJY6jRTwuwbSXJPDUnQ==
  dependencies:
    ajv "^6.1.0"
    ajv-keywords "^3.1.0"

setimmediate@^1.0.5:
  version "1.0.5"
  resolved "https://registry.yarnpkg.com/setimmediate/-/setimmediate-1.0.5.tgz#290cbb232e306942d7d7ea9b83732ab7856f8285"
  integrity sha1-KQy7Iy4waULX1+qbg3Mqt4VvgoU=

shallowequal@^1.1.0:
  version "1.1.0"
  resolved "https://registry.yarnpkg.com/shallowequal/-/shallowequal-1.1.0.tgz#188d521de95b9087404fd4dcb68b13df0ae4e7f8"
  integrity sha512-y0m1JoUZSlPAjXVtPPW70aZWfIL/dSP7AFkRnniLCrK/8MDKog3TySTBmckD+RObVxH0v4Tox67+F14PdED2oQ==

synthetic-dom@^1.4.0:
  version "1.4.0"
  resolved "https://registry.yarnpkg.com/synthetic-dom/-/synthetic-dom-1.4.0.tgz#d988d7a4652458e2fc8706a875417af913e4dd34"
  integrity sha512-mHv51ZsmZ+ShT/4s5kg+MGUIhY7Ltq4v03xpN1c8T1Krb5pScsh/lzEjyhrVD0soVDbThbd2e+4dD9vnDG4rhg==

throttle-debounce@^3.0.1:
  version "3.0.1"
  resolved "https://registry.yarnpkg.com/throttle-debounce/-/throttle-debounce-3.0.1.tgz#32f94d84dfa894f786c9a1f290e7a645b6a19abb"
  integrity sha512-dTEWWNu6JmeVXY0ZYoPuH5cRIwc0MeGbJwah9KUNYSJwommQpCzTySTpEe8Gs1J23aeWEuAobe4Ag7EHVt/LOg==

ua-parser-js@^0.7.18:
  version "0.7.28"
  resolved "https://registry.yarnpkg.com/ua-parser-js/-/ua-parser-js-0.7.28.tgz#8ba04e653f35ce210239c64661685bf9121dec31"
  integrity sha512-6Gurc1n//gjp9eQNXjD9O3M/sMwVtN5S8Lv9bvOYBfKfDNiIIhqiyi01vMBO45u4zkDE420w/e0se7Vs+sIg+g==

union-class-names@^1.0.0:
  version "1.0.0"
  resolved "https://registry.yarnpkg.com/union-class-names/-/union-class-names-1.0.0.tgz#9259608adacc39094a2b0cfe16c78e6200617847"
  integrity sha1-kllgitrMOQlKKwz+FseOYgBheEc=

uri-js@^4.2.2:
  version "4.4.1"
  resolved "https://registry.yarnpkg.com/uri-js/-/uri-js-4.4.1.tgz#9b1a52595225859e55f669d928f88c6c57f2a77e"
  integrity sha512-7rKUyy33Q1yc98pQ1DAmLtwX109F7TIfWlW1Ydo8Wl1ii1SeHieeh0HHfPeL2fMXK6z0s8ecKs9frCuLJvndBg==
  dependencies:
    punycode "^2.1.0"

"volto-addons@github:eea/volto-addons":
  version "1.0.0"
  resolved "https://codeload.github.com/eea/volto-addons/tar.gz/4c2083db30c8a53c2883be84ef8868ce0dfc0c66"
  dependencies:
    dompurify "^2.0.12"
    draft-js-alignment-plugin "^2.0.6"
    draft-js-focus-plugin "^3.0.1"
    draft-js-import-html "^1.4.1"
    draft-js-inline-toolbar-plugin "^2.0.3"
    draft-js-modifiers "^0.2.2"
    draft-js-plugins-editor "^3.0.0"
    draft-js-resizeable-plugin "^2.0.9"
    draft-js-video-plugin "^2.0.2"
    esri-loader "^2.14.0"
    react-component-queries "2.3.0"
    react-highlight-words "^0.16.0"
    react-image-gallery "^1.0.7"
    react-lazy-load-image-component "^1.4.3"
    react-loadable "5.5.0"
    react-pdf-js "^5.1.0"
    react-sizeme "3.0.1"
    redraft "^0.10.2"

whatwg-fetch@>=0.10.0:
  version "3.6.2"
  resolved "https://registry.yarnpkg.com/whatwg-fetch/-/whatwg-fetch-3.6.2.tgz#dced24f37f2624ed0281725d51d0e2e3fe677f8c"
  integrity sha512-bJlen0FcuU/0EMLrdbJ7zOnW6ITZLrZMIarMUVmdKtsGvZna8vxKYaexICWPfZ8qwf9fzNq+UEIZrnSaApt6RA==

worker-loader@^1.0.0:
  version "1.1.1"
  resolved "https://registry.yarnpkg.com/worker-loader/-/worker-loader-1.1.1.tgz#920d74ddac6816fc635392653ed8b4af1929fd92"
  integrity sha512-qJZLVS/jMCBITDzPo/RuweYSIG8VJP5P67mP/71alGyTZRe1LYJFdwLjLalY3T5ifx0bMDRD3OB6P2p1escvlg==
  dependencies:
    loader-utils "^1.0.0"
    schema-utils "^0.4.0"
